
Microsoft Visual Studio Solution File, Format Version 12.00
# Visual Studio Version 17
VisualStudioVersion = 17.11.35327.3
MinimumVisualStudioVersion = 10.0.40219.1
Project("{FAE04EC0-301F-11D3-BF4B-00C04F79EFBC}") = "AbecedarianCheck", "AbecedarianCheck.csproj", "{2551238D-04FE-4D32-909E-7DC6BDCD53B9}"
EndProject
Global
	GlobalSection(SolutionConfigurationPlatforms) = preSolution
		Debug|Any CPU = Debug|Any CPU
		Release|Any CPU = Release|Any CPU
	EndGlobalSection
	GlobalSection(ProjectConfigurationPlatforms) = postSolution
		{2551238D-04FE-4D32-909E-7DC6BDCD53B9}.Debug|Any CPU.ActiveCfg = Debug|Any CPU
		{2551238D-04FE-4D32-909E-7DC6BDCD53B9}.Debug|Any CPU.Build.0 = Debug|Any CPU
		{2551238D-04FE-4D32-909E-7DC6BDCD53B9}.Release|Any CPU.ActiveCfg = Release|Any CPU
		{2551238D-04FE-4D32-909E-7DC6BDCD53B9}.Release|Any CPU.Build.0 = Release|Any CPU
	EndGlobalSection
	GlobalSection(SolutionProperties) = preSolution
		HideSolutionNode = FALSE
	EndGlobalSection
	GlobalSection(ExtensibilityGlobals) = postSolution
		SolutionGuid = {C8DB8214-1DB7-4BE2-8319-35C40599C372}
	EndGlobalSection
EndGlobal
