
Microsoft Visual Studio Solution File, Format Version 12.00
# Visual Studio Version 17
VisualStudioVersion = 17.11.35327.3
MinimumVisualStudioVersion = 10.0.40219.1
Project("{FAE04EC0-301F-11D3-BF4B-00C04F79EFBC}") = "Exercise 6.3", "Exercise 6.3.csproj", "{0C5324E6-13D0-40D5-B603-8D3E872170CD}"
EndProject
Global
	GlobalSection(SolutionConfigurationPlatforms) = preSolution
		Debug|Any CPU = Debug|Any CPU
		Release|Any CPU = Release|Any CPU
	EndGlobalSection
	GlobalSection(ProjectConfigurationPlatforms) = postSolution
		{0C5324E6-13D0-40D5-B603-8D3E872170CD}.Debug|Any CPU.ActiveCfg = Debug|Any CPU
		{0C5324E6-13D0-40D5-B603-8D3E872170CD}.Debug|Any CPU.Build.0 = Debug|Any CPU
		{0C5324E6-13D0-40D5-B603-8D3E872170CD}.Release|Any CPU.ActiveCfg = Release|Any CPU
		{0C5324E6-13D0-40D5-B603-8D3E872170CD}.Release|Any CPU.Build.0 = Release|Any CPU
	EndGlobalSection
	GlobalSection(SolutionProperties) = preSolution
		HideSolutionNode = FALSE
	EndGlobalSection
	GlobalSection(ExtensibilityGlobals) = postSolution
		SolutionGuid = {4771E7E7-1F64-4C09-A5B4-75124625403A}
	EndGlobalSection
EndGlobal
